// !$*UTF8*$!
{
	archiveVersion = 1;
	classes = {
	};
	objectVersion = 46;
	objects = {

/* Begin PBXBuildFile section */
		B20647421E266A87009AAF44 /* AppDelegate.swift in Sources */ = {isa = PBXBuildFile; fileRef = B20647411E266A87009AAF44 /* AppDelegate.swift */; };
		B20647441E266A87009AAF44 /* ViewController.swift in Sources */ = {isa = PBXBuildFile; fileRef = B20647431E266A87009AAF44 /* ViewController.swift */; };
		B20647471E266A87009AAF44 /* Main.storyboard in Resources */ = {isa = PBXBuildFile; fileRef = B20647451E266A87009AAF44 /* Main.storyboard */; };
		B20647491E266A87009AAF44 /* Assets.xcassets in Resources */ = {isa = PBXBuildFile; fileRef = B20647481E266A87009AAF44 /* Assets.xcassets */; };
		B206474C1E266A87009AAF44 /* LaunchScreen.storyboard in Resources */ = {isa = PBXBuildFile; fileRef = B206474A1E266A87009AAF44 /* LaunchScreen.storyboard */; };
		B20647571E266A87009AAF44 /* Attendance_TakingTests.swift in Sources */ = {isa = PBXBuildFile; fileRef = B20647561E266A87009AAF44 /* Attendance_TakingTests.swift */; };
/* End PBXBuildFile section */

/* Begin PBXContainerItemProxy section */
		B20647531E266A87009AAF44 /* PBXContainerItemProxy */ = {
			isa = PBXContainerItemProxy;
			containerPortal = B20647361E266A86009AAF44 /* Project object */;
			proxyType = 1;
			remoteGlobalIDString = B206473D1E266A86009AAF44;
			remoteInfo = "Attendance Taking";
		};
/* End PBXContainerItemProxy section */

/* Begin PBXFileReference section */
		B206473E1E266A87009AAF44 /* Attendance Taking.app */ = {isa = PBXFileReference; explicitFileType = wrapper.application; includeInIndex = 0; path = "Attendance Taking.app"; sourceTree = BUILT_PRODUCTS_DIR; };
		B20647411E266A87009AAF44 /* AppDelegate.swift */ = {isa = PBXFileReference; lastKnownFileType = sourcecode.swift; path = AppDelegate.swift; sourceTree = "<group>"; };
		B20647431E266A87009AAF44 /* ViewController.swift */ = {isa = PBXFileReference; lastKnownFileType = sourcecode.swift; path = ViewController.swift; sourceTree = "<group>"; };
		B20647461E266A87009AAF44 /* Base */ = {isa = PBXFileReference; lastKnownFileType = file.storyboard; name = Base; path = Base.lproj/Main.storyboard; sourceTree = "<group>"; };
		B20647481E266A87009AAF44 /* Assets.xcassets */ = {isa = PBXFileReference; lastKnownFileType = folder.assetcatalog; path = Assets.xcassets; sourceTree = "<group>"; };
		B206474B1E266A87009AAF44 /* Base */ = {isa = PBXFileReference; lastKnownFileType = file.storyboard; name = Base; path = Base.lproj/LaunchScreen.storyboard; sourceTree = "<group>"; };
		B206474D1E266A87009AAF44 /* Info.plist */ = {isa = PBXFileReference; lastKnownFileType = text.plist.xml; path = Info.plist; sourceTree = "<group>"; };
		B20647521E266A87009AAF44 /* Attendance TakingTests.xctest */ = {isa = PBXFileReference; explicitFileType = wrapper.cfbundle; includeInIndex = 0; path = "Attendance TakingTests.xctest"; sourceTree = BUILT_PRODUCTS_DIR; };
		B20647561E266A87009AAF44 /* Attendance_TakingTests.swift */ = {isa = PBXFileReference; lastKnownFileType = sourcecode.swift; path = Attendance_TakingTests.swift; sourceTree = "<group>"; };
		B20647581E266A87009AAF44 /* Info.plist */ = {isa = PBXFileReference; lastKnownFileType = text.plist.xml; path = Info.plist; sourceTree = "<group>"; };
/* End PBXFileReference section */

/* Begin PBXFrameworksBuildPhase section */
		B206473B1E266A86009AAF44 /* Frameworks */ = {
			isa = PBXFrameworksBuildPhase;
			buildActionMask = 2147483647;
			files = (
			);
			runOnlyForDeploymentPostprocessing = 0;
		};
		B206474F1E266A87009AAF44 /* Frameworks */ = {
			isa = PBXFrameworksBuildPhase;
			buildActionMask = 2147483647;
			files = (
			);
			runOnlyForDeploymentPostprocessing = 0;
		};
/* End PBXFrameworksBuildPhase section */

/* Begin PBXGroup section */
		B20647351E266A86009AAF44 = {
			isa = PBXGroup;
			children = (
				B20647401E266A87009AAF44 /* Attendance Taking */,
				B20647551E266A87009AAF44 /* Attendance TakingTests */,
				B206473F1E266A87009AAF44 /* Products */,
			);
			sourceTree = "<group>";
		};
		B206473F1E266A87009AAF44 /* Products */ = {
			isa = PBXGroup;
			children = (
				B206473E1E266A87009AAF44 /* Attendance Taking.app */,
				B20647521E266A87009AAF44 /* Attendance TakingTests.xctest */,
			);
			name = Products;
			sourceTree = "<group>";
		};
		B20647401E266A87009AAF44 /* Attendance Taking */ = {
			isa = PBXGroup;
			children = (
				B20647411E266A87009AAF44 /* AppDelegate.swift */,
				B20647431E266A87009AAF44 /* ViewController.swift */,
				B20647451E266A87009AAF44 /* Main.storyboard */,
				B20647481E266A87009AAF44 /* Assets.xcassets */,
				B206474A1E266A87009AAF44 /* LaunchScreen.storyboard */,
				B206474D1E266A87009AAF44 /* Info.plist */,
			);
			path = "Attendance Taking";
			sourceTree = "<group>";
		};
		B20647551E266A87009AAF44 /* Attendance TakingTests */ = {
			isa = PBXGroup;
			children = (
				B20647561E266A87009AAF44 /* Attendance_TakingTests.swift */,
				B20647581E266A87009AAF44 /* Info.plist */,
			);
			path = "Attendance TakingTests";
			sourceTree = "<group>";
		};
/* End PBXGroup section */

/* Begin PBXNativeTarget section */
		B206473D1E266A86009AAF44 /* Attendance Taking */ = {
			isa = PBXNativeTarget;
			buildConfigurationList = B206475B1E266A87009AAF44 /* Build configuration list for PBXNativeTarget "Attendance Taking" */;
			buildPhases = (
				B206473A1E266A86009AAF44 /* Sources */,
				B206473B1E266A86009AAF44 /* Frameworks */,
				B206473C1E266A86009AAF44 /* Resources */,
			);
			buildRules = (
			);
			dependencies = (
			);
			name = "Attendance Taking";
			productName = "Attendance Taking";
			productReference = B206473E1E266A87009AAF44 /* Attendance Taking.app */;
			productType = "com.apple.product-type.application";
		};
		B20647511E266A87009AAF44 /* Attendance TakingTests */ = {
			isa = PBXNativeTarget;
			buildConfigurationList = B206475E1E266A87009AAF44 /* Build configuration list for PBXNativeTarget "Attendance TakingTests" */;
			buildPhases = (
				B206474E1E266A87009AAF44 /* Sources */,
				B206474F1E266A87009AAF44 /* Frameworks */,
				B20647501E266A87009AAF44 /* Resources */,
			);
			buildRules = (
			);
			dependencies = (
				B20647541E266A87009AAF44 /* PBXTargetDependency */,
			);
			name = "Attendance TakingTests";
			productName = "Attendance TakingTests";
			productReference = B20647521E266A87009AAF44 /* Attendance TakingTests.xctest */;
			productType = "com.apple.product-type.bundle.unit-test";
		};
/* End PBXNativeTarget section */

/* Begin PBXProject section */
		B20647361E266A86009AAF44 /* Project object */ = {
			isa = PBXProject;
			attributes = {
				LastSwiftUpdateCheck = 0820;
				LastUpgradeCheck = 0820;
				ORGANIZATIONNAME = Hall2;
				TargetAttributes = {
					B206473D1E266A86009AAF44 = {
						CreatedOnToolsVersion = 8.2.1;
						ProvisioningStyle = Automatic;
					};
					B20647511E266A87009AAF44 = {
						CreatedOnToolsVersion = 8.2.1;
						ProvisioningStyle = Automatic;
						TestTargetID = B206473D1E266A86009AAF44;
					};
				};
			};
			buildConfigurationList = B20647391E266A86009AAF44 /* Build configuration list for PBXProject "Attendance Taking" */;
			compatibilityVersion = "Xcode 3.2";
			developmentRegion = English;
			hasScannedForEncodings = 0;
			knownRegions = (
				en,
				Base,
			);
			mainGroup = B20647351E266A86009AAF44;
			productRefGroup = B206473F1E266A87009AAF44 /* Products */;
			projectDirPath = "";
			projectRoot = "";
			targets = (
				B206473D1E266A86009AAF44 /* Attendance Taking */,
				B20647511E266A87009AAF44 /* Attendance TakingTests */,
			);
		};
/* End PBXProject section */

/* Begin PBXResourcesBuildPhase section */
		B206473C1E266A86009AAF44 /* Resources */ = {
			isa = PBXResourcesBuildPhase;
			buildActionMask = 2147483647;
			files = (
				B206474C1E266A87009AAF44 /* LaunchScreen.storyboard in Resources */,
				B20647491E266A87009AAF44 /* Assets.xcassets in Resources */,
				B20647471E266A87009AAF44 /* Main.storyboard in Resources */,
			);
			runOnlyForDeploymentPostprocessing = 0;
		};
		B20647501E266A87009AAF44 /* Resources */ = {
			isa = PBXResourcesBuildPhase;
			buildActionMask = 2147483647;
			files = (
			);
			runOnlyForDeploymentPostprocessing = 0;
		};
/* End PBXResourcesBuildPhase section */

/* Begin PBXSourcesBuildPhase section */
		B206473A1E266A86009AAF44 /* Sources */ = {
			isa = PBXSourcesBuildPhase;
			buildActionMask = 2147483647;
			files = (
				B20647441E266A87009AAF44 /* ViewController.swift in Sources */,
				B20647421E266A87009AAF44 /* AppDelegate.swift in Sources */,
			);
			runOnlyForDeploymentPostprocessing = 0;
		};
		B206474E1E266A87009AAF44 /* Sources */ = {
			isa = PBXSourcesBuildPhase;
			buildActionMask = 2147483647;
			files = (
				B20647571E266A87009AAF44 /* Attendance_TakingTests.swift in Sources */,
			);
			runOnlyForDeploymentPostprocessing = 0;
		};
/* End PBXSourcesBuildPhase section */

/* Begin PBXTargetDependency section */
		B20647541E266A87009AAF44 /* PBXTargetDependency */ = {
			isa = PBXTargetDependency;
			target = B206473D1E266A86009AAF44 /* Attendance Taking */;
			targetProxy = B20647531E266A87009AAF44 /* PBXContainerItemProxy */;
		};
/* End PBXTargetDependency section */

/* Begin PBXVariantGroup section */
		B20647451E266A87009AAF44 /* Main.storyboard */ = {
			isa = PBXVariantGroup;
			children = (
				B20647461E266A87009AAF44 /* Base */,
			);
			name = Main.storyboard;
			sourceTree = "<group>";
		};
		B206474A1E266A87009AAF44 /* LaunchScreen.storyboard */ = {
			isa = PBXVariantGroup;
			children = (
				B206474B1E266A87009AAF44 /* Base */,
			);
			name = LaunchScreen.storyboard;
			sourceTree = "<group>";
		};
/* End PBXVariantGroup section */

/* Begin XCBuildConfiguration section */
		B20647591E266A87009AAF44 /* Debug */ = {
			isa = XCBuildConfiguration;
			buildSettings = {
				ALWAYS_SEARCH_USER_PATHS = NO;
				CLANG_ANALYZER_NONNULL = YES;
				CLANG_CXX_LANGUAGE_STANDARD = "gnu++0x";
				CLANG_CXX_LIBRARY = "libc++";
				CLANG_ENABLE_MODULES = YES;
				CLANG_ENABLE_OBJC_ARC = YES;
				CLANG_WARN_BOOL_CONVERSION = YES;
				CLANG_WARN_CONSTANT_CONVERSION = YES;
				CLANG_WARN_DIRECT_OBJC_ISA_USAGE = YES_ERROR;
				CLANG_WARN_DOCUMENTATION_COMMENTS = YES;
				CLANG_WARN_EMPTY_BODY = YES;
				CLANG_WARN_ENUM_CONVERSION = YES;
				CLANG_WARN_INFINITE_RECURSION = YES;
				CLANG_WARN_INT_CONVERSION = YES;
				CLANG_WARN_OBJC_ROOT_CLASS = YES_ERROR;
				CLANG_WARN_SUSPICIOUS_MOVE = YES;
				CLANG_WARN_UNREACHABLE_CODE = YES;
				CLANG_WARN__DUPLICATE_METHOD_MATCH = YES;
				"CODE_SIGN_IDENTITY[sdk=iphoneos*]" = "iPhone Developer";
				COPY_PHASE_STRIP = NO;
				DEBUG_INFORMATION_FORMAT = dwarf;
				ENABLE_STRICT_OBJC_MSGSEND = YES;
				ENABLE_TESTABILITY = YES;
				GCC_C_LANGUAGE_STANDARD = gnu99;
				GCC_DYNAMIC_NO_PIC = NO;
				GCC_NO_COMMON_BLOCKS = YES;
				GCC_OPTIMIZATION_LEVEL = 0;
				GCC_PREPROCESSOR_DEFINITIONS = (
					"DEBUG=1",
					"$(inherited)",
				);
				GCC_WARN_64_TO_32_BIT_CONVERSION = YES;
				GCC_WARN_ABOUT_RETURN_TYPE = YES_ERROR;
				GCC_WARN_UNDECLARED_SELECTOR = YES;
				GCC_WARN_UNINITIALIZED_AUTOS = YES_AGGRESSIVE;
				GCC_WARN_UNUSED_FUNCTION = YES;
				GCC_WARN_UNUSED_VARIABLE = YES;
				IPHONEOS_DEPLOYMENT_TARGET = 10.2;
				MTL_ENABLE_DEBUG_INFO = YES;
				ONLY_ACTIVE_ARCH = YES;
				SDKROOT = iphoneos;
				SWIFT_ACTIVE_COMPILATION_CONDITIONS = DEBUG;
				SWIFT_OPTIMIZATION_LEVEL = "-Onone";
				TARGETED_DEVICE_FAMILY = "1,2";
			};
			name = Debug;
		};
		B206475A1E266A87009AAF44 /* Release */ = {
			isa = XCBuildConfiguration;
			buildSettings = {
				ALWAYS_SEARCH_USER_PATHS = NO;
				CLANG_ANALYZER_NONNULL = YES;
				CLANG_CXX_LANGUAGE_STANDARD = "gnu++0x";
				CLANG_CXX_LIBRARY = "libc++";
				CLANG_ENABLE_MODULES = YES;
				CLANG_ENABLE_OBJC_ARC = YES;
				CLANG_WARN_BOOL_CONVERSION = YES;
				CLANG_WARN_CONSTANT_CONVERSION = YES;
				CLANG_WARN_DIRECT_OBJC_ISA_USAGE = YES_ERROR;
				CLANG_WARN_DOCUMENTATION_COMMENTS = YES;
				CLANG_WARN_EMPTY_BODY = YES;
				CLANG_WARN_ENUM_CONVERSION = YES;
				CLANG_WARN_INFINITE_RECURSION = YES;
				CLANG_WARN_INT_CONVERSION = YES;
				CLANG_WARN_OBJC_ROOT_CLASS = YES_ERROR;
				CLANG_WARN_SUSPICIOUS_MOVE = YES;
				CLANG_WARN_UNREACHABLE_CODE = YES;
				CLANG_WARN__DUPLICATE_METHOD_MATCH = YES;
				"CODE_SIGN_IDENTITY[sdk=iphoneos*]" = "iPhone Developer";
				COPY_PHASE_STRIP = NO;
				DEBUG_INFORMATION_FORMAT = "dwarf-with-dsym";
				ENABLE_NS_ASSERTIONS = NO;
				ENABLE_STRICT_OBJC_MSGSEND = YES;
				GCC_C_LANGUAGE_STANDARD = gnu99;
				GCC_NO_COMMON_BLOCKS = YES;
				GCC_WARN_64_TO_32_BIT_CONVERSION = YES;
				GCC_WARN_ABOUT_RETURN_TYPE = YES_ERROR;
				GCC_WARN_UNDECLARED_SELECTOR = YES;
				GCC_WARN_UNINITIALIZED_AUTOS = YES_AGGRESSIVE;
				GCC_WARN_UNUSED_FUNCTION = YES;
				GCC_WARN_UNUSED_VARIABLE = YES;
				IPHONEOS_DEPLOYMENT_TARGET = 10.2;
				MTL_ENABLE_DEBUG_INFO = NO;
				SDKROOT = iphoneos;
				SWIFT_OPTIMIZATION_LEVEL = "-Owholemodule";
				TARGETED_DEVICE_FAMILY = "1,2";
				VALIDATE_PRODUCT = YES;
			};
			name = Release;
		};
		B206475C1E266A87009AAF44 /* Debug */ = {
			isa = XCBuildConfiguration;
			buildSettings = {
				ASSETCATALOG_COMPILER_APPICON_NAME = AppIcon;
				INFOPLIST_FILE = "Attendance Taking/Info.plist";
				LD_RUNPATH_SEARCH_PATHS = "$(inherited) @executable_path/Frameworks";
				PRODUCT_BUNDLE_IDENTIFIER = "org.cityuhall2.Attendance-Taking";
				PRODUCT_NAME = "$(TARGET_NAME)";
				SWIFT_VERSION = 3.0;
			};
			name = Debug;
		};
		B206475D1E266A87009AAF44 /* Release */ = {
			isa = XCBuildConfiguration;
			buildSettings = {
				ASSETCATALOG_COMPILER_APPICON_NAME = AppIcon;
				INFOPLIST_FILE = "Attendance Taking/Info.plist";
				LD_RUNPATH_SEARCH_PATHS = "$(inherited) @executable_path/Frameworks";
				PRODUCT_BUNDLE_IDENTIFIER = "org.cityuhall2.Attendance-Taking";
				PRODUCT_NAME = "$(TARGET_NAME)";
				SWIFT_VERSION = 3.0;
			};
			name = Release;
		};
		B206475F1E266A87009AAF44 /* Debug */ = {
			isa = XCBuildConfiguration;
			buildSettings = {
				ALWAYS_EMBED_SWIFT_STANDARD_LIBRARIES = YES;
				BUNDLE_LOADER = "$(TEST_HOST)";
				INFOPLIST_FILE = "Attendance TakingTests/Info.plist";
				LD_RUNPATH_SEARCH_PATHS = "$(inherited) @executable_path/Frameworks @loader_path/Frameworks";
				PRODUCT_BUNDLE_IDENTIFIER = "org.cityuhall2.Attendance-TakingTests";
				PRODUCT_NAME = "$(TARGET_NAME)";
				SWIFT_VERSION = 3.0;
				TEST_HOST = "$(BUILT_PRODUCTS_DIR)/Attendance Taking.app/Attendance Taking";
			};
			name = Debug;
		};
		B20647601E266A87009AAF44 /* Release */ = {
			isa = XCBuildConfiguration;
			buildSettings = {
				ALWAYS_EMBED_SWIFT_STANDARD_LIBRARIES = YES;
				BUNDLE_LOADER = "$(TEST_HOST)";
				INFOPLIST_FILE = "Attendance TakingTests/Info.plist";
				LD_RUNPATH_SEARCH_PATHS = "$(inherited) @executable_path/Frameworks @loader_path/Frameworks";
				PRODUCT_BUNDLE_IDENTIFIER = "org.cityuhall2.Attendance-TakingTests";
				PRODUCT_NAME = "$(TARGET_NAME)";
				SWIFT_VERSION = 3.0;
				TEST_HOST = "$(BUILT_PRODUCTS_DIR)/Attendance Taking.app/Attendance Taking";
			};
			name = Release;
		};
/* End XCBuildConfiguration section */

/* Begin XCConfigurationList section */
		B20647391E266A86009AAF44 /* Build configuration list for PBXProject "Attendance Taking" */ = {
			isa = XCConfigurationList;
			buildConfigurations = (
				B20647591E266A87009AAF44 /* Debug */,
				B206475A1E266A87009AAF44 /* Release */,
			);
			defaultConfigurationIsVisible = 0;
			defaultConfigurationName = Release;
		};
		B206475B1E266A87009AAF44 /* Build configuration list for PBXNativeTarget "Attendance Taking" */ = {
			isa = XCConfigurationList;
			buildConfigurations = (
				B206475C1E266A87009AAF44 /* Debug */,
				B206475D1E266A87009AAF44 /* Release */,
			);
			defaultConfigurationIsVisible = 0;
		};
		B206475E1E266A87009AAF44 /* Build configuration list for PBXNativeTarget "Attendance TakingTests" */ = {
			isa = XCConfigurationList;
			buildConfigurations = (
				B206475F1E266A87009AAF44 /* Debug */,
				B20647601E266A87009AAF44 /* Release */,
			);
			defaultConfigurationIsVisible = 0;
		};
/* End XCConfigurationList section */
	};
	rootObject = B20647361E266A86009AAF44 /* Project object */;
}
